PODS:
  - Alamofire (5.4.1)
  - Kingfisher (6.2.1)
  - SwiftLint (0.43.1)

DEPENDENCIES:
  - Alamofire
  - Kingfisher
  - SwiftLint

SPEC REPOS:
  trunk:
    - Alamofire
    - Kingfisher
    - SwiftLint

SPEC CHECKSUMS:
  Alamofire: 2291f7d21ca607c491dd17642e5d40fdcda0e65c
  Kingfisher: e71c6fac2aebb1262888cabc2cb13d313362a48f
  SwiftLint: 99f82d07b837b942dd563c668de129a03fc3fb52

PODFILE CHECKSUM: fea142613f88f2877e2a83316bc3b67f08148395

COCOAPODS: 1.10.1
